
Microsoft Visual Studio Solution File, Format Version 12.00
# Visual Studio Version 17
VisualStudioVersion = 17.11.35303.130
MinimumVisualStudioVersion = 10.0.40219.1
Project("{9A19103F-16F7-4668-BE54-9A1E7A4F7556}") = "identityuser", "identityuser.csproj", "{5A1392D8-4169-44F0-B275-CDAD3F1B3B6B}"
EndProject
Project("{9A19103F-16F7-4668-BE54-9A1E7A4F7556}") = "MovieBooking.DAL", "..\MovieData\MovieBooking\MovieBooking.DAL\MovieBooking.DAL.csproj", "{C0174377-A4B7-4BFF-B1AB-CE7CDD142E29}"
EndProject
Project("{9A19103F-16F7-4668-BE54-9A1E7A4F7556}") = "MovieBooking.BL", "..\MovieData\MovieBooking\MovieBooking.BL\MovieBooking.BL.csproj", "{70454803-91C4-4301-B0C2-3090D011301A}"
EndProject
Global
	GlobalSection(SolutionConfigurationPlatforms) = preSolution
		Debug|Any CPU = Debug|Any CPU
		Release|Any CPU = Release|Any CPU
	EndGlobalSection
	GlobalSection(ProjectConfigurationPlatforms) = postSolution
		{5A1392D8-4169-44F0-B275-CDAD3F1B3B6B}.Debug|Any CPU.ActiveCfg = Debug|Any CPU
		{5A1392D8-4169-44F0-B275-CDAD3F1B3B6B}.Debug|Any CPU.Build.0 = Debug|Any CPU
		{5A1392D8-4169-44F0-B275-CDAD3F1B3B6B}.Release|Any CPU.ActiveCfg = Release|Any CPU
		{5A1392D8-4169-44F0-B275-CDAD3F1B3B6B}.Release|Any CPU.Build.0 = Release|Any CPU
		{C0174377-A4B7-4BFF-B1AB-CE7CDD142E29}.Debug|Any CPU.ActiveCfg = Debug|Any CPU
		{C0174377-A4B7-4BFF-B1AB-CE7CDD142E29}.Debug|Any CPU.Build.0 = Debug|Any CPU
		{C0174377-A4B7-4BFF-B1AB-CE7CDD142E29}.Release|Any CPU.ActiveCfg = Release|Any CPU
		{C0174377-A4B7-4BFF-B1AB-CE7CDD142E29}.Release|Any CPU.Build.0 = Release|Any CPU
		{70454803-91C4-4301-B0C2-3090D011301A}.Debug|Any CPU.ActiveCfg = Debug|Any CPU
		{70454803-91C4-4301-B0C2-3090D011301A}.Debug|Any CPU.Build.0 = Debug|Any CPU
		{70454803-91C4-4301-B0C2-3090D011301A}.Release|Any CPU.ActiveCfg = Release|Any CPU
		{70454803-91C4-4301-B0C2-3090D011301A}.Release|Any CPU.Build.0 = Release|Any CPU
	EndGlobalSection
	GlobalSection(SolutionProperties) = preSolution
		HideSolutionNode = FALSE
	EndGlobalSection
	GlobalSection(ExtensibilityGlobals) = postSolution
		SolutionGuid = {C8249C72-1DA8-4CFC-8D6C-102C3547D593}
	EndGlobalSection
EndGlobal
